
Microsoft Visual Studio Solution File, Format Version 12.00
# Visual Studio Version 17
VisualStudioVersion = 17.4.33213.308
MinimumVisualStudioVersion = 10.0.40219.1
Project("{9A19103F-16F7-4668-BE54-9A1E7A4F7556}") = "InvoiceApp", "InvoiceApp.csproj", "{ED6501FA-D45D-4B36-A09F-4BA93C12EB67}"
	ProjectSection(ProjectDependencies) = postProject
		{7734529C-8E8C-4536-8960-6AD5D64DCB61} = {7734529C-8E8C-4536-8960-6AD5D64DCB61}
		{993CFAAD-F79B-490F-AF65-06FDD34C5D50} = {993CFAAD-F79B-490F-AF65-06FDD34C5D50}
	EndProjectSection
EndProject
Project("{9A19103F-16F7-4668-BE54-9A1E7A4F7556}") = "InvoiceApp.Infrastructure", "..\InvoiceApp.Infrastructure\InvoiceApp.Infrastructure.csproj", "{7734529C-8E8C-4536-8960-6AD5D64DCB61}"
	ProjectSection(ProjectDependencies) = postProject
		{7E912C8D-6D08-493F-83DB-923B320A3482} = {7E912C8D-6D08-493F-83DB-923B320A3482}
		{993CFAAD-F79B-490F-AF65-06FDD34C5D50} = {993CFAAD-F79B-490F-AF65-06FDD34C5D50}
	EndProjectSection
EndProject
Project("{9A19103F-16F7-4668-BE54-9A1E7A4F7556}") = "InvoiceApp.Application", "..\InvoiceApp.Application\InvoiceApp.Application.csproj", "{993CFAAD-F79B-490F-AF65-06FDD34C5D50}"
	ProjectSection(ProjectDependencies) = postProject
		{7E912C8D-6D08-493F-83DB-923B320A3482} = {7E912C8D-6D08-493F-83DB-923B320A3482}
	EndProjectSection
EndProject
Project("{9A19103F-16F7-4668-BE54-9A1E7A4F7556}") = "InvoiceApp.UnitTests", "..\InvoiceApp.UnitTests\InvoiceApp.UnitTests.csproj", "{7EE4C3ED-A24B-48AE-959E-F8212459C933}"
	ProjectSection(ProjectDependencies) = postProject
		{7E912C8D-6D08-493F-83DB-923B320A3482} = {7E912C8D-6D08-493F-83DB-923B320A3482}
	EndProjectSection
EndProject
Project("{FAE04EC0-301F-11D3-BF4B-00C04F79EFBC}") = "InvoiceApp.Domain", "..\InvoiceApp.Domain\InvoiceApp.Domain.csproj", "{7E912C8D-6D08-493F-83DB-923B320A3482}"
EndProject
Global
	GlobalSection(SolutionConfigurationPlatforms) = preSolution
		Debug|Any CPU = Debug|Any CPU
		Release|Any CPU = Release|Any CPU
	EndGlobalSection
	GlobalSection(ProjectConfigurationPlatforms) = postSolution
		{ED6501FA-D45D-4B36-A09F-4BA93C12EB67}.Debug|Any CPU.ActiveCfg = Debug|Any CPU
		{ED6501FA-D45D-4B36-A09F-4BA93C12EB67}.Debug|Any CPU.Build.0 = Debug|Any CPU
		{ED6501FA-D45D-4B36-A09F-4BA93C12EB67}.Release|Any CPU.ActiveCfg = Release|Any CPU
		{ED6501FA-D45D-4B36-A09F-4BA93C12EB67}.Release|Any CPU.Build.0 = Release|Any CPU
		{7734529C-8E8C-4536-8960-6AD5D64DCB61}.Debug|Any CPU.ActiveCfg = Debug|Any CPU
		{7734529C-8E8C-4536-8960-6AD5D64DCB61}.Debug|Any CPU.Build.0 = Debug|Any CPU
		{7734529C-8E8C-4536-8960-6AD5D64DCB61}.Release|Any CPU.ActiveCfg = Release|Any CPU
		{7734529C-8E8C-4536-8960-6AD5D64DCB61}.Release|Any CPU.Build.0 = Release|Any CPU
		{993CFAAD-F79B-490F-AF65-06FDD34C5D50}.Debug|Any CPU.ActiveCfg = Debug|Any CPU
		{993CFAAD-F79B-490F-AF65-06FDD34C5D50}.Debug|Any CPU.Build.0 = Debug|Any CPU
		{993CFAAD-F79B-490F-AF65-06FDD34C5D50}.Release|Any CPU.ActiveCfg = Release|Any CPU
		{993CFAAD-F79B-490F-AF65-06FDD34C5D50}.Release|Any CPU.Build.0 = Release|Any CPU
		{7EE4C3ED-A24B-48AE-959E-F8212459C933}.Debug|Any CPU.ActiveCfg = Debug|Any CPU
		{7EE4C3ED-A24B-48AE-959E-F8212459C933}.Debug|Any CPU.Build.0 = Debug|Any CPU
		{7EE4C3ED-A24B-48AE-959E-F8212459C933}.Release|Any CPU.ActiveCfg = Release|Any CPU
		{7EE4C3ED-A24B-48AE-959E-F8212459C933}.Release|Any CPU.Build.0 = Release|Any CPU
		{7E912C8D-6D08-493F-83DB-923B320A3482}.Debug|Any CPU.ActiveCfg = Debug|Any CPU
		{7E912C8D-6D08-493F-83DB-923B320A3482}.Debug|Any CPU.Build.0 = Debug|Any CPU
		{7E912C8D-6D08-493F-83DB-923B320A3482}.Release|Any CPU.ActiveCfg = Release|Any CPU
		{7E912C8D-6D08-493F-83DB-923B320A3482}.Release|Any CPU.Build.0 = Release|Any CPU
	EndGlobalSection
	GlobalSection(SolutionProperties) = preSolution
		HideSolutionNode = FALSE
	EndGlobalSection
	GlobalSection(ExtensibilityGlobals) = postSolution
		SolutionGuid = {8F59C912-19EB-434B-A12A-DA21341282CC}
	EndGlobalSection
EndGlobal
